// !$*UTF8*$!
{
	archiveVersion = 1;
	classes = {
	};
	objectVersion = 56;
	objects = {

/* Begin PBXBuildFile section */
		D4EDDB0A2AB72B8B0089D0D5 /* ShoeShopApp.swift in Sources */ = {isa = PBXBuildFile; fileRef = D4EDDB092AB72B8B0089D0D5 /* ShoeShopApp.swift */; };
		D4EDDB0C2AB72B8B0089D0D5 /* ContentView.swift in Sources */ = {isa = PBXBuildFile; fileRef = D4EDDB0B2AB72B8B0089D0D5 /* ContentView.swift */; };
		D4EDDB0E2AB72B8C0089D0D5 /* Assets.xcassets in Resources */ = {isa = PBXBuildFile; fileRef = D4EDDB0D2AB72B8C0089D0D5 /* Assets.xcassets */; };
		D4EDDB112AB72B8C0089D0D5 /* Preview Assets.xcassets in Resources */ = {isa = PBXBuildFile; fileRef = D4EDDB102AB72B8C0089D0D5 /* Preview Assets.xcassets */; };
		D4EDDB1B2AB72B8C0089D0D5 /* ShoeShopTests.swift in Sources */ = {isa = PBXBuildFile; fileRef = D4EDDB1A2AB72B8C0089D0D5 /* ShoeShopTests.swift */; };
		D4EDDB252AB72B8C0089D0D5 /* ShoeShopUITests.swift in Sources */ = {isa = PBXBuildFile; fileRef = D4EDDB242AB72B8C0089D0D5 /* ShoeShopUITests.swift */; };
		D4EDDB272AB72B8C0089D0D5 /* ShoeShopUITestsLaunchTests.swift in Sources */ = {isa = PBXBuildFile; fileRef = D4EDDB262AB72B8C0089D0D5 /* ShoeShopUITestsLaunchTests.swift */; };
/* End PBXBuildFile section */

/* Begin PBXContainerItemProxy section */
		D4EDDB172AB72B8C0089D0D5 /* PBXContainerItemProxy */ = {
			isa = PBXContainerItemProxy;
			containerPortal = D4EDDAFE2AB72B8B0089D0D5 /* Project object */;
			proxyType = 1;
			remoteGlobalIDString = D4EDDB052AB72B8B0089D0D5;
			remoteInfo = ShoeShop;
		};
		D4EDDB212AB72B8C0089D0D5 /* PBXContainerItemProxy */ = {
			isa = PBXContainerItemProxy;
			containerPortal = D4EDDAFE2AB72B8B0089D0D5 /* Project object */;
			proxyType = 1;
			remoteGlobalIDString = D4EDDB052AB72B8B0089D0D5;
			remoteInfo = ShoeShop;
		};
/* End PBXContainerItemProxy section */

/* Begin PBXFileReference section */
		D4EDDB062AB72B8B0089D0D5 /* ShoeShop.app */ = {isa = PBXFileReference; explicitFileType = wrapper.application; includeInIndex = 0; path = ShoeShop.app; sourceTree = BUILT_PRODUCTS_DIR; };
		D4EDDB092AB72B8B0089D0D5 /* ShoeShopApp.swift */ = {isa = PBXFileReference; lastKnownFileType = sourcecode.swift; path = ShoeShopApp.swift; sourceTree = "<group>"; };
		D4EDDB0B2AB72B8B0089D0D5 /* ContentView.swift */ = {isa = PBXFileReference; lastKnownFileType = sourcecode.swift; path = ContentView.swift; sourceTree = "<group>"; };
		D4EDDB0D2AB72B8C0089D0D5 /* Assets.xcassets */ = {isa = PBXFileReference; lastKnownFileType = folder.assetcatalog; path = Assets.xcassets; sourceTree = "<group>"; };
		D4EDDB102AB72B8C0089D0D5 /* Preview Assets.xcassets */ = {isa = PBXFileReference; lastKnownFileType = folder.assetcatalog; path = "Preview Assets.xcassets"; sourceTree = "<group>"; };
		D4EDDB162AB72B8C0089D0D5 /* ShoeShopTests.xctest */ = {isa = PBXFileReference; explicitFileType = wrapper.cfbundle; includeInIndex = 0; path = ShoeShopTests.xctest; sourceTree = BUILT_PRODUCTS_DIR; };
		D4EDDB1A2AB72B8C0089D0D5 /* ShoeShopTests.swift */ = {isa = PBXFileReference; lastKnownFileType = sourcecode.swift; path = ShoeShopTests.swift; sourceTree = "<group>"; };
		D4EDDB202AB72B8C0089D0D5 /* ShoeShopUITests.xctest */ = {isa = PBXFileReference; explicitFileType = wrapper.cfbundle; includeInIndex = 0; path = ShoeShopUITests.xctest; sourceTree = BUILT_PRODUCTS_DIR; };
		D4EDDB242AB72B8C0089D0D5 /* ShoeShopUITests.swift */ = {isa = PBXFileReference; lastKnownFileType = sourcecode.swift; path = ShoeShopUITests.swift; sourceTree = "<group>"; };
		D4EDDB262AB72B8C0089D0D5 /* ShoeShopUITestsLaunchTests.swift */ = {isa = PBXFileReference; lastKnownFileType = sourcecode.swift; path = ShoeShopUITestsLaunchTests.swift; sourceTree = "<group>"; };
/* End PBXFileReference section */

/* Begin PBXFrameworksBuildPhase section */
		D4EDDB032AB72B8B0089D0D5 /* Frameworks */ = {
			isa = PBXFrameworksBuildPhase;
			buildActionMask = 2147483647;
			files = (
			);
			runOnlyForDeploymentPostprocessing = 0;
		};
		D4EDDB132AB72B8C0089D0D5 /* Frameworks */ = {
			isa = PBXFrameworksBuildPhase;
			buildActionMask = 2147483647;
			files = (
			);
			runOnlyForDeploymentPostprocessing = 0;
		};
		D4EDDB1D2AB72B8C0089D0D5 /* Frameworks */ = {
			isa = PBXFrameworksBuildPhase;
			buildActionMask = 2147483647;
			files = (
			);
			runOnlyForDeploymentPostprocessing = 0;
		};
/* End PBXFrameworksBuildPhase section */

/* Begin PBXGroup section */
		D4EDDAFD2AB72B8B0089D0D5 = {
			isa = PBXGroup;
			children = (
				D4EDDB082AB72B8B0089D0D5 /* ShoeShop */,
				D4EDDB192AB72B8C0089D0D5 /* ShoeShopTests */,
				D4EDDB232AB72B8C0089D0D5 /* ShoeShopUITests */,
				D4EDDB072AB72B8B0089D0D5 /* Products */,
			);
			sourceTree = "<group>";
		};
		D4EDDB072AB72B8B0089D0D5 /* Products */ = {
			isa = PBXGroup;
			children = (
				D4EDDB062AB72B8B0089D0D5 /* ShoeShop.app */,
				D4EDDB162AB72B8C0089D0D5 /* ShoeShopTests.xctest */,
				D4EDDB202AB72B8C0089D0D5 /* ShoeShopUITests.xctest */,
			);
			name = Products;
			sourceTree = "<group>";
		};
		D4EDDB082AB72B8B0089D0D5 /* ShoeShop */ = {
			isa = PBXGroup;
			children = (
				D4EDDB092AB72B8B0089D0D5 /* ShoeShopApp.swift */,
				D4EDDB0B2AB72B8B0089D0D5 /* ContentView.swift */,
				D4EDDB0D2AB72B8C0089D0D5 /* Assets.xcassets */,
				D4EDDB0F2AB72B8C0089D0D5 /* Preview Content */,
			);
			path = ShoeShop;
			sourceTree = "<group>";
		};
		D4EDDB0F2AB72B8C0089D0D5 /* Preview Content */ = {
			isa = PBXGroup;
			children = (
				D4EDDB102AB72B8C0089D0D5 /* Preview Assets.xcassets */,
			);
			path = "Preview Content";
			sourceTree = "<group>";
		};
		D4EDDB192AB72B8C0089D0D5 /* ShoeShopTests */ = {
			isa = PBXGroup;
			children = (
				D4EDDB1A2AB72B8C0089D0D5 /* ShoeShopTests.swift */,
			);
			path = ShoeShopTests;
			sourceTree = "<group>";
		};
		D4EDDB232AB72B8C0089D0D5 /* ShoeShopUITests */ = {
			isa = PBXGroup;
			children = (
				D4EDDB242AB72B8C0089D0D5 /* ShoeShopUITests.swift */,
				D4EDDB262AB72B8C0089D0D5 /* ShoeShopUITestsLaunchTests.swift */,
			);
			path = ShoeShopUITests;
			sourceTree = "<group>";
		};
/* End PBXGroup section */

/* Begin PBXNativeTarget section */
		D4EDDB052AB72B8B0089D0D5 /* ShoeShop */ = {
			isa = PBXNativeTarget;
			buildConfigurationList = D4EDDB2A2AB72B8C0089D0D5 /* Build configuration list for PBXNativeTarget "ShoeShop" */;
			buildPhases = (
				D4EDDB022AB72B8B0089D0D5 /* Sources */,
				D4EDDB032AB72B8B0089D0D5 /* Frameworks */,
				D4EDDB042AB72B8B0089D0D5 /* Resources */,
			);
			buildRules = (
			);
			dependencies = (
			);
			name = ShoeShop;
			productName = ShoeShop;
			productReference = D4EDDB062AB72B8B0089D0D5 /* ShoeShop.app */;
			productType = "com.apple.product-type.application";
		};
		D4EDDB152AB72B8C0089D0D5 /* ShoeShopTests */ = {
			isa = PBXNativeTarget;
			buildConfigurationList = D4EDDB2D2AB72B8C0089D0D5 /* Build configuration list for PBXNativeTarget "ShoeShopTests" */;
			buildPhases = (
				D4EDDB122AB72B8C0089D0D5 /* Sources */,
				D4EDDB132AB72B8C0089D0D5 /* Frameworks */,
				D4EDDB142AB72B8C0089D0D5 /* Resources */,
			);
			buildRules = (
			);
			dependencies = (
				D4EDDB182AB72B8C0089D0D5 /* PBXTargetDependency */,
			);
			name = ShoeShopTests;
			productName = ShoeShopTests;
			productReference = D4EDDB162AB72B8C0089D0D5 /* ShoeShopTests.xctest */;
			productType = "com.apple.product-type.bundle.unit-test";
		};
		D4EDDB1F2AB72B8C0089D0D5 /* ShoeShopUITests */ = {
			isa = PBXNativeTarget;
			buildConfigurationList = D4EDDB302AB72B8C0089D0D5 /* Build configuration list for PBXNativeTarget "ShoeShopUITests" */;
			buildPhases = (
				D4EDDB1C2AB72B8C0089D0D5 /* Sources */,
				D4EDDB1D2AB72B8C0089D0D5 /* Frameworks */,
				D4EDDB1E2AB72B8C0089D0D5 /* Resources */,
			);
			buildRules = (
			);
			dependencies = (
				D4EDDB222AB72B8C0089D0D5 /* PBXTargetDependency */,
			);
			name = ShoeShopUITests;
			productName = ShoeShopUITests;
			productReference = D4EDDB202AB72B8C0089D0D5 /* ShoeShopUITests.xctest */;
			productType = "com.apple.product-type.bundle.ui-testing";
		};
/* End PBXNativeTarget section */

/* Begin PBXProject section */
		D4EDDAFE2AB72B8B0089D0D5 /* Project object */ = {
			isa = PBXProject;
			attributes = {
				BuildIndependentTargetsInParallel = 1;
				LastSwiftUpdateCheck = 1430;
				LastUpgradeCheck = 1430;
				TargetAttributes = {
					D4EDDB052AB72B8B0089D0D5 = {
						CreatedOnToolsVersion = 14.3.1;
					};
					D4EDDB152AB72B8C0089D0D5 = {
						CreatedOnToolsVersion = 14.3.1;
						TestTargetID = D4EDDB052AB72B8B0089D0D5;
					};
					D4EDDB1F2AB72B8C0089D0D5 = {
						CreatedOnToolsVersion = 14.3.1;
						TestTargetID = D4EDDB052AB72B8B0089D0D5;
					};
				};
			};
			buildConfigurationList = D4EDDB012AB72B8B0089D0D5 /* Build configuration list for PBXProject "ShoeShop" */;
			compatibilityVersion = "Xcode 14.0";
			developmentRegion = en;
			hasScannedForEncodings = 0;
			knownRegions = (
				en,
				Base,
			);
			mainGroup = D4EDDAFD2AB72B8B0089D0D5;
			productRefGroup = D4EDDB072AB72B8B0089D0D5 /* Products */;
			projectDirPath = "";
			projectRoot = "";
			targets = (
				D4EDDB052AB72B8B0089D0D5 /* ShoeShop */,
				D4EDDB152AB72B8C0089D0D5 /* ShoeShopTests */,
				D4EDDB1F2AB72B8C0089D0D5 /* ShoeShopUITests */,
			);
		};
/* End PBXProject section */

/* Begin PBXResourcesBuildPhase section */
		D4EDDB042AB72B8B0089D0D5 /* Resources */ = {
			isa = PBXResourcesBuildPhase;
			buildActionMask = 2147483647;
			files = (
				D4EDDB112AB72B8C0089D0D5 /* Preview Assets.xcassets in Resources */,
				D4EDDB0E2AB72B8C0089D0D5 /* Assets.xcassets in Resources */,
			);
			runOnlyForDeploymentPostprocessing = 0;
		};
		D4EDDB142AB72B8C0089D0D5 /* Resources */ = {
			isa = PBXResourcesBuildPhase;
			buildActionMask = 2147483647;
			files = (
			);
			runOnlyForDeploymentPostprocessing = 0;
		};
		D4EDDB1E2AB72B8C0089D0D5 /* Resources */ = {
			isa = PBXResourcesBuildPhase;
			buildActionMask = 2147483647;
			files = (
			);
			runOnlyForDeploymentPostprocessing = 0;
		};
/* End PBXResourcesBuildPhase section */

/* Begin PBXSourcesBuildPhase section */
		D4EDDB022AB72B8B0089D0D5 /* Sources */ = {
			isa = PBXSourcesBuildPhase;
			buildActionMask = 2147483647;
			files = (
				D4EDDB0C2AB72B8B0089D0D5 /* ContentView.swift in Sources */,
				D4EDDB0A2AB72B8B0089D0D5 /* ShoeShopApp.swift in Sources */,
			);
			runOnlyForDeploymentPostprocessing = 0;
		};
		D4EDDB122AB72B8C0089D0D5 /* Sources */ = {
			isa = PBXSourcesBuildPhase;
			buildActionMask = 2147483647;
			files = (
				D4EDDB1B2AB72B8C0089D0D5 /* ShoeShopTests.swift in Sources */,
			);
			runOnlyForDeploymentPostprocessing = 0;
		};
		D4EDDB1C2AB72B8C0089D0D5 /* Sources */ = {
			isa = PBXSourcesBuildPhase;
			buildActionMask = 2147483647;
			files = (
				D4EDDB272AB72B8C0089D0D5 /* ShoeShopUITestsLaunchTests.swift in Sources */,
				D4EDDB252AB72B8C0089D0D5 /* ShoeShopUITests.swift in Sources */,
			);
			runOnlyForDeploymentPostprocessing = 0;
		};
/* End PBXSourcesBuildPhase section */

/* Begin PBXTargetDependency section */
		D4EDDB182AB72B8C0089D0D5 /* PBXTargetDependency */ = {
			isa = PBXTargetDependency;
			target = D4EDDB052AB72B8B0089D0D5 /* ShoeShop */;
			targetProxy = D4EDDB172AB72B8C0089D0D5 /* PBXContainerItemProxy */;
		};
		D4EDDB222AB72B8C0089D0D5 /* PBXTargetDependency */ = {
			isa = PBXTargetDependency;
			target = D4EDDB052AB72B8B0089D0D5 /* ShoeShop */;
			targetProxy = D4EDDB212AB72B8C0089D0D5 /* PBXContainerItemProxy */;
		};
/* End PBXTargetDependency section */

/* Begin XCBuildConfiguration section */
		D4EDDB282AB72B8C0089D0D5 /* Debug */ = {
			isa = XCBuildConfiguration;
			buildSettings = {
				ALWAYS_SEARCH_USER_PATHS = NO;
				CLANG_ANALYZER_NONNULL = YES;
				CLANG_ANALYZER_NUMBER_OBJECT_CONVERSION = YES_AGGRESSIVE;
				CLANG_CXX_LANGUAGE_STANDARD = "gnu++20";
				CLANG_ENABLE_MODULES = YES;
				CLANG_ENABLE_OBJC_ARC = YES;
				CLANG_ENABLE_OBJC_WEAK = YES;
				CLANG_WARN_BLOCK_CAPTURE_AUTORELEASING = YES;
				CLANG_WARN_BOOL_CONVERSION = YES;
				CLANG_WARN_COMMA = YES;
				CLANG_WARN_CONSTANT_CONVERSION = YES;
				CLANG_WARN_DEPRECATED_OBJC_IMPLEMENTATIONS = YES;
				CLANG_WARN_DIRECT_OBJC_ISA_USAGE = YES_ERROR;
				CLANG_WARN_DOCUMENTATION_COMMENTS = YES;
				CLANG_WARN_EMPTY_BODY = YES;
				CLANG_WARN_ENUM_CONVERSION = YES;
				CLANG_WARN_INFINITE_RECURSION = YES;
				CLANG_WARN_INT_CONVERSION = YES;
				CLANG_WARN_NON_LITERAL_NULL_CONVERSION = YES;
				CLANG_WARN_OBJC_IMPLICIT_RETAIN_SELF = YES;
				CLANG_WARN_OBJC_LITERAL_CONVERSION = YES;
				CLANG_WARN_OBJC_ROOT_CLASS = YES_ERROR;
				CLANG_WARN_QUOTED_INCLUDE_IN_FRAMEWORK_HEADER = YES;
				CLANG_WARN_RANGE_LOOP_ANALYSIS = YES;
				CLANG_WARN_STRICT_PROTOTYPES = YES;
				CLANG_WARN_SUSPICIOUS_MOVE = YES;
				CLANG_WARN_UNGUARDED_AVAILABILITY = YES_AGGRESSIVE;
				CLANG_WARN_UNREACHABLE_CODE = YES;
				CLANG_WARN__DUPLICATE_METHOD_MATCH = YES;
				COPY_PHASE_STRIP = NO;
				DEBUG_INFORMATION_FORMAT = dwarf;
				ENABLE_STRICT_OBJC_MSGSEND = YES;
				ENABLE_TESTABILITY = YES;
				GCC_C_LANGUAGE_STANDARD = gnu11;
				GCC_DYNAMIC_NO_PIC = NO;
				GCC_NO_COMMON_BLOCKS = YES;
				GCC_OPTIMIZATION_LEVEL = 0;
				GCC_PREPROCESSOR_DEFINITIONS = (
					"DEBUG=1",
					"$(inherited)",
				);
				GCC_WARN_64_TO_32_BIT_CONVERSION = YES;
				GCC_WARN_ABOUT_RETURN_TYPE = YES_ERROR;
				GCC_WARN_UNDECLARED_SELECTOR = YES;
				GCC_WARN_UNINITIALIZED_AUTOS = YES_AGGRESSIVE;
				GCC_WARN_UNUSED_FUNCTION = YES;
				GCC_WARN_UNUSED_VARIABLE = YES;
				IPHONEOS_DEPLOYMENT_TARGET = 16.4;
				MTL_ENABLE_DEBUG_INFO = INCLUDE_SOURCE;
				MTL_FAST_MATH = YES;
				ONLY_ACTIVE_ARCH = YES;
				SDKROOT = iphoneos;
				SWIFT_ACTIVE_COMPILATION_CONDITIONS = DEBUG;
				SWIFT_OPTIMIZATION_LEVEL = "-Onone";
			};
			name = Debug;
		};
		D4EDDB292AB72B8C0089D0D5 /* Release */ = {
			isa = XCBuildConfiguration;
			buildSettings = {
				ALWAYS_SEARCH_USER_PATHS = NO;
				CLANG_ANALYZER_NONNULL = YES;
				CLANG_ANALYZER_NUMBER_OBJECT_CONVERSION = YES_AGGRESSIVE;
				CLANG_CXX_LANGUAGE_STANDARD = "gnu++20";
				CLANG_ENABLE_MODULES = YES;
				CLANG_ENABLE_OBJC_ARC = YES;
				CLANG_ENABLE_OBJC_WEAK = YES;
				CLANG_WARN_BLOCK_CAPTURE_AUTORELEASING = YES;
				CLANG_WARN_BOOL_CONVERSION = YES;
				CLANG_WARN_COMMA = YES;
				CLANG_WARN_CONSTANT_CONVERSION = YES;
				CLANG_WARN_DEPRECATED_OBJC_IMPLEMENTATIONS = YES;
				CLANG_WARN_DIRECT_OBJC_ISA_USAGE = YES_ERROR;
				CLANG_WARN_DOCUMENTATION_COMMENTS = YES;
				CLANG_WARN_EMPTY_BODY = YES;
				CLANG_WARN_ENUM_CONVERSION = YES;
				CLANG_WARN_INFINITE_RECURSION = YES;
				CLANG_WARN_INT_CONVERSION = YES;
				CLANG_WARN_NON_LITERAL_NULL_CONVERSION = YES;
				CLANG_WARN_OBJC_IMPLICIT_RETAIN_SELF = YES;
				CLANG_WARN_OBJC_LITERAL_CONVERSION = YES;
				CLANG_WARN_OBJC_ROOT_CLASS = YES_ERROR;
				CLANG_WARN_QUOTED_INCLUDE_IN_FRAMEWORK_HEADER = YES;
				CLANG_WARN_RANGE_LOOP_ANALYSIS = YES;
				CLANG_WARN_STRICT_PROTOTYPES = YES;
				CLANG_WARN_SUSPICIOUS_MOVE = YES;
				CLANG_WARN_UNGUARDED_AVAILABILITY = YES_AGGRESSIVE;
				CLANG_WARN_UNREACHABLE_CODE = YES;
				CLANG_WARN__DUPLICATE_METHOD_MATCH = YES;
				COPY_PHASE_STRIP = NO;
				DEBUG_INFORMATION_FORMAT = "dwarf-with-dsym";
				ENABLE_NS_ASSERTIONS = NO;
				ENABLE_STRICT_OBJC_MSGSEND = YES;
				GCC_C_LANGUAGE_STANDARD = gnu11;
				GCC_NO_COMMON_BLOCKS = YES;
				GCC_WARN_64_TO_32_BIT_CONVERSION = YES;
				GCC_WARN_ABOUT_RETURN_TYPE = YES_ERROR;
				GCC_WARN_UNDECLARED_SELECTOR = YES;
				GCC_WARN_UNINITIALIZED_AUTOS = YES_AGGRESSIVE;
				GCC_WARN_UNUSED_FUNCTION = YES;
				GCC_WARN_UNUSED_VARIABLE = YES;
				IPHONEOS_DEPLOYMENT_TARGET = 16.4;
				MTL_ENABLE_DEBUG_INFO = NO;
				MTL_FAST_MATH = YES;
				SDKROOT = iphoneos;
				SWIFT_COMPILATION_MODE = wholemodule;
				SWIFT_OPTIMIZATION_LEVEL = "-O";
				VALIDATE_PRODUCT = YES;
			};
			name = Release;
		};
		D4EDDB2B2AB72B8C0089D0D5 /* Debug */ = {
			isa = XCBuildConfiguration;
			buildSettings = {
				ASSETCATALOG_COMPILER_APPICON_NAME = AppIcon;
				ASSETCATALOG_COMPILER_GLOBAL_ACCENT_COLOR_NAME = AccentColor;
				CODE_SIGN_STYLE = Automatic;
				CURRENT_PROJECT_VERSION = 1;
				DEVELOPMENT_ASSET_PATHS = "\"ShoeShop/Preview Content\"";
				ENABLE_PREVIEWS = YES;
				GENERATE_INFOPLIST_FILE = YES;
				INFOPLIST_KEY_UIApplicationSceneManifest_Generation = YES;
				INFOPLIST_KEY_UIApplicationSupportsIndirectInputEvents = YES;
				INFOPLIST_KEY_UILaunchScreen_Generation = YES;
				INFOPLIST_KEY_UISupportedInterfaceOrientations_iPad = "UIInterfaceOrientationPortrait UIInterfaceOrientationPortraitUpsideDown UIInterfaceOrientationLandscapeLeft UIInterfaceOrientationLandscapeRight";
				INFOPLIST_KEY_UISupportedInterfaceOrientations_iPhone = "UIInterfaceOrientationPortrait UIInterfaceOrientationLandscapeLeft UIInterfaceOrientationLandscapeRight";
				LD_RUNPATH_SEARCH_PATHS = (
					"$(inherited)",
					"@executable_path/Frameworks",
				);
				MARKETING_VERSION = 1.0;
				PRODUCT_BUNDLE_IDENTIFIER = eyh.com.ShoeShop;
				PRODUCT_NAME = "$(TARGET_NAME)";
				SWIFT_EMIT_LOC_STRINGS = YES;
				SWIFT_VERSION = 5.0;
				TARGETED_DEVICE_FAMILY = "1,2";
			};
			name = Debug;
		};
		D4EDDB2C2AB72B8C0089D0D5 /* Release */ = {
			isa = XCBuildConfiguration;
			buildSettings = {
				ASSETCATALOG_COMPILER_APPICON_NAME = AppIcon;
				ASSETCATALOG_COMPILER_GLOBAL_ACCENT_COLOR_NAME = AccentColor;
				CODE_SIGN_STYLE = Automatic;
				CURRENT_PROJECT_VERSION = 1;
				DEVELOPMENT_ASSET_PATHS = "\"ShoeShop/Preview Content\"";
				ENABLE_PREVIEWS = YES;
				GENERATE_INFOPLIST_FILE = YES;
				INFOPLIST_KEY_UIApplicationSceneManifest_Generation = YES;
				INFOPLIST_KEY_UIApplicationSupportsIndirectInputEvents = YES;
				INFOPLIST_KEY_UILaunchScreen_Generation = YES;
				INFOPLIST_KEY_UISupportedInterfaceOrientations_iPad = "UIInterfaceOrientationPortrait UIInterfaceOrientationPortraitUpsideDown UIInterfaceOrientationLandscapeLeft UIInterfaceOrientationLandscapeRight";
				INFOPLIST_KEY_UISupportedInterfaceOrientations_iPhone = "UIInterfaceOrientationPortrait UIInterfaceOrientationLandscapeLeft UIInterfaceOrientationLandscapeRight";
				LD_RUNPATH_SEARCH_PATHS = (
					"$(inherited)",
					"@executable_path/Frameworks",
				);
				MARKETING_VERSION = 1.0;
				PRODUCT_BUNDLE_IDENTIFIER = eyh.com.ShoeShop;
				PRODUCT_NAME = "$(TARGET_NAME)";
				SWIFT_EMIT_LOC_STRINGS = YES;
				SWIFT_VERSION = 5.0;
				TARGETED_DEVICE_FAMILY = "1,2";
			};
			name = Release;
		};
		D4EDDB2E2AB72B8C0089D0D5 /* Debug */ = {
			isa = XCBuildConfiguration;
			buildSettings = {
				ALWAYS_EMBED_SWIFT_STANDARD_LIBRARIES = YES;
				BUNDLE_LOADER = "$(TEST_HOST)";
				CODE_SIGN_STYLE = Automatic;
				CURRENT_PROJECT_VERSION = 1;
				GENERATE_INFOPLIST_FILE = YES;
				IPHONEOS_DEPLOYMENT_TARGET = 16.4;
				MARKETING_VERSION = 1.0;
				PRODUCT_BUNDLE_IDENTIFIER = eyh.com.ShoeShopTests;
				PRODUCT_NAME = "$(TARGET_NAME)";
				SWIFT_EMIT_LOC_STRINGS = NO;
				SWIFT_VERSION = 5.0;
				TARGETED_DEVICE_FAMILY = "1,2";
				TEST_HOST = "$(BUILT_PRODUCTS_DIR)/ShoeShop.app/$(BUNDLE_EXECUTABLE_FOLDER_PATH)/ShoeShop";
			};
			name = Debug;
		};
		D4EDDB2F2AB72B8C0089D0D5 /* Release */ = {
			isa = XCBuildConfiguration;
			buildSettings = {
				ALWAYS_EMBED_SWIFT_STANDARD_LIBRARIES = YES;
				BUNDLE_LOADER = "$(TEST_HOST)";
				CODE_SIGN_STYLE = Automatic;
				CURRENT_PROJECT_VERSION = 1;
				GENERATE_INFOPLIST_FILE = YES;
				IPHONEOS_DEPLOYMENT_TARGET = 16.4;
				MARKETING_VERSION = 1.0;
				PRODUCT_BUNDLE_IDENTIFIER = eyh.com.ShoeShopTests;
				PRODUCT_NAME = "$(TARGET_NAME)";
				SWIFT_EMIT_LOC_STRINGS = NO;
				SWIFT_VERSION = 5.0;
				TARGETED_DEVICE_FAMILY = "1,2";
				TEST_HOST = "$(BUILT_PRODUCTS_DIR)/ShoeShop.app/$(BUNDLE_EXECUTABLE_FOLDER_PATH)/ShoeShop";
			};
			name = Release;
		};
		D4EDDB312AB72B8C0089D0D5 /* Debug */ = {
			isa = XCBuildConfiguration;
			buildSettings = {
				ALWAYS_EMBED_SWIFT_STANDARD_LIBRARIES = YES;
				CODE_SIGN_STYLE = Automatic;
				CURRENT_PROJECT_VERSION = 1;
				GENERATE_INFOPLIST_FILE = YES;
				MARKETING_VERSION = 1.0;
				PRODUCT_BUNDLE_IDENTIFIER = eyh.com.ShoeShopUITests;
				PRODUCT_NAME = "$(TARGET_NAME)";
				SWIFT_EMIT_LOC_STRINGS = NO;
				SWIFT_VERSION = 5.0;
				TARGETED_DEVICE_FAMILY = "1,2";
				TEST_TARGET_NAME = ShoeShop;
			};
			name = Debug;
		};
		D4EDDB322AB72B8C0089D0D5 /* Release */ = {
			isa = XCBuildConfiguration;
			buildSettings = {
				ALWAYS_EMBED_SWIFT_STANDARD_LIBRARIES = YES;
				CODE_SIGN_STYLE = Automatic;
				CURRENT_PROJECT_VERSION = 1;
				GENERATE_INFOPLIST_FILE = YES;
				MARKETING_VERSION = 1.0;
				PRODUCT_BUNDLE_IDENTIFIER = eyh.com.ShoeShopUITests;
				PRODUCT_NAME = "$(TARGET_NAME)";
				SWIFT_EMIT_LOC_STRINGS = NO;
				SWIFT_VERSION = 5.0;
				TARGETED_DEVICE_FAMILY = "1,2";
				TEST_TARGET_NAME = ShoeShop;
			};
			name = Release;
		};
/* End XCBuildConfiguration section */

/* Begin XCConfigurationList section */
		D4EDDB012AB72B8B0089D0D5 /* Build configuration list for PBXProject "ShoeShop" */ = {
			isa = XCConfigurationList;
			buildConfigurations = (
				D4EDDB282AB72B8C0089D0D5 /* Debug */,
				D4EDDB292AB72B8C0089D0D5 /* Release */,
			);
			defaultConfigurationIsVisible = 0;
			defaultConfigurationName = Release;
		};
		D4EDDB2A2AB72B8C0089D0D5 /* Build configuration list for PBXNativeTarget "ShoeShop" */ = {
			isa = XCConfigurationList;
			buildConfigurations = (
				D4EDDB2B2AB72B8C0089D0D5 /* Debug */,
				D4EDDB2C2AB72B8C0089D0D5 /* Release */,
			);
			defaultConfigurationIsVisible = 0;
			defaultConfigurationName = Release;
		};
		D4EDDB2D2AB72B8C0089D0D5 /* Build configuration list for PBXNativeTarget "ShoeShopTests" */ = {
			isa = XCConfigurationList;
			buildConfigurations = (
				D4EDDB2E2AB72B8C0089D0D5 /* Debug */,
				D4EDDB2F2AB72B8C0089D0D5 /* Release */,
			);
			defaultConfigurationIsVisible = 0;
			defaultConfigurationName = Release;
		};
		D4EDDB302AB72B8C0089D0D5 /* Build configuration list for PBXNativeTarget "ShoeShopUITests" */ = {
			isa = XCConfigurationList;
			buildConfigurations = (
				D4EDDB312AB72B8C0089D0D5 /* Debug */,
				D4EDDB322AB72B8C0089D0D5 /* Release */,
			);
			defaultConfigurationIsVisible = 0;
			defaultConfigurationName = Release;
		};
/* End XCConfigurationList section */
	};
	rootObject = D4EDDAFE2AB72B8B0089D0D5 /* Project object */;
}
